
Microsoft Visual Studio Solution File, Format Version 12.00
# Visual Studio 2012
Project("{FAE04EC0-301F-11D3-BF4B-00C04F79EFBC}") = "Featureflow", "Featureflow\Featureflow.csproj", "{0B2332A4-936B-43D0-B854-271C0E241692}"
EndProject
Project("{FAE04EC0-301F-11D3-BF4B-00C04F79EFBC}") = "Featureflow.Tests", "Featureflow.Tests\Featureflow.Tests.csproj", "{74D23F93-F60D-45D1-9C85-AED18F6DEBAA}"
EndProject
Global
	GlobalSection(SolutionConfigurationPlatforms) = preSolution
		Debug|Any CPU = Debug|Any CPU
		Release|Any CPU = Release|Any CPU
	EndGlobalSection
	GlobalSection(ProjectConfigurationPlatforms) = postSolution
		{0B2332A4-936B-43D0-B854-271C0E241692}.Debug|Any CPU.ActiveCfg = Debug|Any CPU
		{0B2332A4-936B-43D0-B854-271C0E241692}.Debug|Any CPU.Build.0 = Debug|Any CPU
		{0B2332A4-936B-43D0-B854-271C0E241692}.Release|Any CPU.ActiveCfg = Release|Any CPU
		{0B2332A4-936B-43D0-B854-271C0E241692}.Release|Any CPU.Build.0 = Release|Any CPU
		{74D23F93-F60D-45D1-9C85-AED18F6DEBAA}.Debug|Any CPU.ActiveCfg = Debug|Any CPU
		{74D23F93-F60D-45D1-9C85-AED18F6DEBAA}.Debug|Any CPU.Build.0 = Debug|Any CPU
		{74D23F93-F60D-45D1-9C85-AED18F6DEBAA}.Release|Any CPU.ActiveCfg = Release|Any CPU
		{74D23F93-F60D-45D1-9C85-AED18F6DEBAA}.Release|Any CPU.Build.0 = Release|Any CPU
	EndGlobalSection
EndGlobal
